// !$*UTF8*$!
{
	archiveVersion = 1;
	classes = {
	};
	objectVersion = 50;
	objects = {

/* Begin PBXBuildFile section */
		6A4A000F2504F331007B744D /* AppDelegate.swift in Sources */ = {isa = PBXBuildFile; fileRef = 6A4A000E2504F331007B744D /* AppDelegate.swift */; };
		6A4A00112504F331007B744D /* SceneDelegate.swift in Sources */ = {isa = PBXBuildFile; fileRef = 6A4A00102504F331007B744D /* SceneDelegate.swift */; };
		6A4A00132504F331007B744D /* ViewController.swift in Sources */ = {isa = PBXBuildFile; fileRef = 6A4A00122504F331007B744D /* ViewController.swift */; };
		6A4A00162504F331007B744D /* Main.storyboard in Resources */ = {isa = PBXBuildFile; fileRef = 6A4A00142504F331007B744D /* Main.storyboard */; };
		6A4A00182504F332007B744D /* Assets.xcassets in Resources */ = {isa = PBXBuildFile; fileRef = 6A4A00172504F332007B744D /* Assets.xcassets */; };
		6A4A001B2504F332007B744D /* LaunchScreen.storyboard in Resources */ = {isa = PBXBuildFile; fileRef = 6A4A00192504F332007B744D /* LaunchScreen.storyboard */; };
		6A4A00262504F333007B744D /* flixsterTests.swift in Sources */ = {isa = PBXBuildFile; fileRef = 6A4A00252504F333007B744D /* flixsterTests.swift */; };
		6A4A00312504F333007B744D /* flixsterUITests.swift in Sources */ = {isa = PBXBuildFile; fileRef = 6A4A00302504F333007B744D /* flixsterUITests.swift */; };
/* End PBXBuildFile section */

/* Begin PBXContainerItemProxy section */
		6A4A00222504F333007B744D /* PBXContainerItemProxy */ = {
			isa = PBXContainerItemProxy;
			containerPortal = 6A4A00032504F331007B744D /* Project object */;
			proxyType = 1;
			remoteGlobalIDString = 6A4A000A2504F331007B744D;
			remoteInfo = flixster;
		};
		6A4A002D2504F333007B744D /* PBXContainerItemProxy */ = {
			isa = PBXContainerItemProxy;
			containerPortal = 6A4A00032504F331007B744D /* Project object */;
			proxyType = 1;
			remoteGlobalIDString = 6A4A000A2504F331007B744D;
			remoteInfo = flixster;
		};
/* End PBXContainerItemProxy section */

/* Begin PBXFileReference section */
		6A4A000B2504F331007B744D /* flixster.app */ = {isa = PBXFileReference; explicitFileType = wrapper.application; includeInIndex = 0; path = flixster.app; sourceTree = BUILT_PRODUCTS_DIR; };
		6A4A000E2504F331007B744D /* AppDelegate.swift */ = {isa = PBXFileReference; lastKnownFileType = sourcecode.swift; path = AppDelegate.swift; sourceTree = "<group>"; };
		6A4A00102504F331007B744D /* SceneDelegate.swift */ = {isa = PBXFileReference; lastKnownFileType = sourcecode.swift; path = SceneDelegate.swift; sourceTree = "<group>"; };
		6A4A00122504F331007B744D /* ViewController.swift */ = {isa = PBXFileReference; lastKnownFileType = sourcecode.swift; path = ViewController.swift; sourceTree = "<group>"; };
		6A4A00152504F331007B744D /* Base */ = {isa = PBXFileReference; lastKnownFileType = file.storyboard; name = Base; path = Base.lproj/Main.storyboard; sourceTree = "<group>"; };
		6A4A00172504F332007B744D /* Assets.xcassets */ = {isa = PBXFileReference; lastKnownFileType = folder.assetcatalog; path = Assets.xcassets; sourceTree = "<group>"; };
		6A4A001A2504F332007B744D /* Base */ = {isa = PBXFileReference; lastKnownFileType = file.storyboard; name = Base; path = Base.lproj/LaunchScreen.storyboard; sourceTree = "<group>"; };
		6A4A001C2504F332007B744D /* Info.plist */ = {isa = PBXFileReference; lastKnownFileType = text.plist.xml; path = Info.plist; sourceTree = "<group>"; };
		6A4A00212504F333007B744D /* flixsterTests.xctest */ = {isa = PBXFileReference; explicitFileType = wrapper.cfbundle; includeInIndex = 0; path = flixsterTests.xctest; sourceTree = BUILT_PRODUCTS_DIR; };
		6A4A00252504F333007B744D /* flixsterTests.swift */ = {isa = PBXFileReference; lastKnownFileType = sourcecode.swift; path = flixsterTests.swift; sourceTree = "<group>"; };
		6A4A00272504F333007B744D /* Info.plist */ = {isa = PBXFileReference; lastKnownFileType = text.plist.xml; path = Info.plist; sourceTree = "<group>"; };
		6A4A002C2504F333007B744D /* flixsterUITests.xctest */ = {isa = PBXFileReference; explicitFileType = wrapper.cfbundle; includeInIndex = 0; path = flixsterUITests.xctest; sourceTree = BUILT_PRODUCTS_DIR; };
		6A4A00302504F333007B744D /* flixsterUITests.swift */ = {isa = PBXFileReference; lastKnownFileType = sourcecode.swift; path = flixsterUITests.swift; sourceTree = "<group>"; };
		6A4A00322504F333007B744D /* Info.plist */ = {isa = PBXFileReference; lastKnownFileType = text.plist.xml; path = Info.plist; sourceTree = "<group>"; };
/* End PBXFileReference section */

/* Begin PBXFrameworksBuildPhase section */
		6A4A00082504F331007B744D /* Frameworks */ = {
			isa = PBXFrameworksBuildPhase;
			buildActionMask = 2147483647;
			files = (
			);
			runOnlyForDeploymentPostprocessing = 0;
		};
		6A4A001E2504F333007B744D /* Frameworks */ = {
			isa = PBXFrameworksBuildPhase;
			buildActionMask = 2147483647;
			files = (
			);
			runOnlyForDeploymentPostprocessing = 0;
		};
		6A4A00292504F333007B744D /* Frameworks */ = {
			isa = PBXFrameworksBuildPhase;
			buildActionMask = 2147483647;
			files = (
			);
			runOnlyForDeploymentPostprocessing = 0;
		};
/* End PBXFrameworksBuildPhase section */

/* Begin PBXGroup section */
		6A4A00022504F331007B744D = {
			isa = PBXGroup;
			children = (
				6A4A000D2504F331007B744D /* flixster */,
				6A4A00242504F333007B744D /* flixsterTests */,
				6A4A002F2504F333007B744D /* flixsterUITests */,
				6A4A000C2504F331007B744D /* Products */,
			);
			sourceTree = "<group>";
		};
		6A4A000C2504F331007B744D /* Products */ = {
			isa = PBXGroup;
			children = (
				6A4A000B2504F331007B744D /* flixster.app */,
				6A4A00212504F333007B744D /* flixsterTests.xctest */,
				6A4A002C2504F333007B744D /* flixsterUITests.xctest */,
			);
			name = Products;
			sourceTree = "<group>";
		};
		6A4A000D2504F331007B744D /* flixster */ = {
			isa = PBXGroup;
			children = (
				6A4A000E2504F331007B744D /* AppDelegate.swift */,
				6A4A00102504F331007B744D /* SceneDelegate.swift */,
				6A4A00122504F331007B744D /* ViewController.swift */,
				6A4A00142504F331007B744D /* Main.storyboard */,
				6A4A00172504F332007B744D /* Assets.xcassets */,
				6A4A00192504F332007B744D /* LaunchScreen.storyboard */,
				6A4A001C2504F332007B744D /* Info.plist */,
			);
			path = flixster;
			sourceTree = "<group>";
		};
		6A4A00242504F333007B744D /* flixsterTests */ = {
			isa = PBXGroup;
			children = (
				6A4A00252504F333007B744D /* flixsterTests.swift */,
				6A4A00272504F333007B744D /* Info.plist */,
			);
			path = flixsterTests;
			sourceTree = "<group>";
		};
		6A4A002F2504F333007B744D /* flixsterUITests */ = {
			isa = PBXGroup;
			children = (
				6A4A00302504F333007B744D /* flixsterUITests.swift */,
				6A4A00322504F333007B744D /* Info.plist */,
			);
			path = flixsterUITests;
			sourceTree = "<group>";
		};
/* End PBXGroup section */

/* Begin PBXNativeTarget section */
		6A4A000A2504F331007B744D /* flixster */ = {
			isa = PBXNativeTarget;
			buildConfigurationList = 6A4A00352504F333007B744D /* Build configuration list for PBXNativeTarget "flixster" */;
			buildPhases = (
				6A4A00072504F331007B744D /* Sources */,
				6A4A00082504F331007B744D /* Frameworks */,
				6A4A00092504F331007B744D /* Resources */,
			);
			buildRules = (
			);
			dependencies = (
			);
			name = flixster;
			productName = flixster;
			productReference = 6A4A000B2504F331007B744D /* flixster.app */;
			productType = "com.apple.product-type.application";
		};
		6A4A00202504F333007B744D /* flixsterTests */ = {
			isa = PBXNativeTarget;
			buildConfigurationList = 6A4A00382504F333007B744D /* Build configuration list for PBXNativeTarget "flixsterTests" */;
			buildPhases = (
				6A4A001D2504F333007B744D /* Sources */,
				6A4A001E2504F333007B744D /* Frameworks */,
				6A4A001F2504F333007B744D /* Resources */,
			);
			buildRules = (
			);
			dependencies = (
				6A4A00232504F333007B744D /* PBXTargetDependency */,
			);
			name = flixsterTests;
			productName = flixsterTests;
			productReference = 6A4A00212504F333007B744D /* flixsterTests.xctest */;
			productType = "com.apple.product-type.bundle.unit-test";
		};
		6A4A002B2504F333007B744D /* flixsterUITests */ = {
			isa = PBXNativeTarget;
			buildConfigurationList = 6A4A003B2504F333007B744D /* Build configuration list for PBXNativeTarget "flixsterUITests" */;
			buildPhases = (
				6A4A00282504F333007B744D /* Sources */,
				6A4A00292504F333007B744D /* Frameworks */,
				6A4A002A2504F333007B744D /* Resources */,
			);
			buildRules = (
			);
			dependencies = (
				6A4A002E2504F333007B744D /* PBXTargetDependency */,
			);
			name = flixsterUITests;
			productName = flixsterUITests;
			productReference = 6A4A002C2504F333007B744D /* flixsterUITests.xctest */;
			productType = "com.apple.product-type.bundle.ui-testing";
		};
/* End PBXNativeTarget section */

/* Begin PBXProject section */
		6A4A00032504F331007B744D /* Project object */ = {
			isa = PBXProject;
			attributes = {
				LastSwiftUpdateCheck = 1170;
				LastUpgradeCheck = 1170;
				ORGANIZATIONNAME = garciadiegoTeam;
				TargetAttributes = {
					6A4A000A2504F331007B744D = {
						CreatedOnToolsVersion = 11.7;
					};
					6A4A00202504F333007B744D = {
						CreatedOnToolsVersion = 11.7;
						TestTargetID = 6A4A000A2504F331007B744D;
					};
					6A4A002B2504F333007B744D = {
						CreatedOnToolsVersion = 11.7;
						TestTargetID = 6A4A000A2504F331007B744D;
					};
				};
			};
			buildConfigurationList = 6A4A00062504F331007B744D /* Build configuration list for PBXProject "flixster" */;
			compatibilityVersion = "Xcode 9.3";
			developmentRegion = en;
			hasScannedForEncodings = 0;
			knownRegions = (
				en,
				Base,
			);
			mainGroup = 6A4A00022504F331007B744D;
			productRefGroup = 6A4A000C2504F331007B744D /* Products */;
			projectDirPath = "";
			projectRoot = "";
			targets = (
				6A4A000A2504F331007B744D /* flixster */,
				6A4A00202504F333007B744D /* flixsterTests */,
				6A4A002B2504F333007B744D /* flixsterUITests */,
			);
		};
/* End PBXProject section */

/* Begin PBXResourcesBuildPhase section */
		6A4A00092504F331007B744D /* Resources */ = {
			isa = PBXResourcesBuildPhase;
			buildActionMask = 2147483647;
			files = (
				6A4A001B2504F332007B744D /* LaunchScreen.storyboard in Resources */,
				6A4A00182504F332007B744D /* Assets.xcassets in Resources */,
				6A4A00162504F331007B744D /* Main.storyboard in Resources */,
			);
			runOnlyForDeploymentPostprocessing = 0;
		};
		6A4A001F2504F333007B744D /* Resources */ = {
			isa = PBXResourcesBuildPhase;
			buildActionMask = 2147483647;
			files = (
			);
			runOnlyForDeploymentPostprocessing = 0;
		};
		6A4A002A2504F333007B744D /* Resources */ = {
			isa = PBXResourcesBuildPhase;
			buildActionMask = 2147483647;
			files = (
			);
			runOnlyForDeploymentPostprocessing = 0;
		};
/* End PBXResourcesBuildPhase section */

/* Begin PBXSourcesBuildPhase section */
		6A4A00072504F331007B744D /* Sources */ = {
			isa = PBXSourcesBuildPhase;
			buildActionMask = 2147483647;
			files = (
				6A4A00132504F331007B744D /* ViewController.swift in Sources */,
				6A4A000F2504F331007B744D /* AppDelegate.swift in Sources */,
				6A4A00112504F331007B744D /* SceneDelegate.swift in Sources */,
			);
			runOnlyForDeploymentPostprocessing = 0;
		};
		6A4A001D2504F333007B744D /* Sources */ = {
			isa = PBXSourcesBuildPhase;
			buildActionMask = 2147483647;
			files = (
				6A4A00262504F333007B744D /* flixsterTests.swift in Sources */,
			);
			runOnlyForDeploymentPostprocessing = 0;
		};
		6A4A00282504F333007B744D /* Sources */ = {
			isa = PBXSourcesBuildPhase;
			buildActionMask = 2147483647;
			files = (
				6A4A00312504F333007B744D /* flixsterUITests.swift in Sources */,
			);
			runOnlyForDeploymentPostprocessing = 0;
		};
/* End PBXSourcesBuildPhase section */

/* Begin PBXTargetDependency section */
		6A4A00232504F333007B744D /* PBXTargetDependency */ = {
			isa = PBXTargetDependency;
			target = 6A4A000A2504F331007B744D /* flixster */;
			targetProxy = 6A4A00222504F333007B744D /* PBXContainerItemProxy */;
		};
		6A4A002E2504F333007B744D /* PBXTargetDependency */ = {
			isa = PBXTargetDependency;
			target = 6A4A000A2504F331007B744D /* flixster */;
			targetProxy = 6A4A002D2504F333007B744D /* PBXContainerItemProxy */;
		};
/* End PBXTargetDependency section */

/* Begin PBXVariantGroup section */
		6A4A00142504F331007B744D /* Main.storyboard */ = {
			isa = PBXVariantGroup;
			children = (
				6A4A00152504F331007B744D /* Base */,
			);
			name = Main.storyboard;
			sourceTree = "<group>";
		};
		6A4A00192504F332007B744D /* LaunchScreen.storyboard */ = {
			isa = PBXVariantGroup;
			children = (
				6A4A001A2504F332007B744D /* Base */,
			);
			name = LaunchScreen.storyboard;
			sourceTree = "<group>";
		};
/* End PBXVariantGroup section */

/* Begin XCBuildConfiguration section */
		6A4A00332504F333007B744D /* Debug */ = {
			isa = XCBuildConfiguration;
			buildSettings = {
				ALWAYS_SEARCH_USER_PATHS = NO;
				CLANG_ANALYZER_NONNULL = YES;
				CLANG_ANALYZER_NUMBER_OBJECT_CONVERSION = YES_AGGRESSIVE;
				CLANG_CXX_LANGUAGE_STANDARD = "gnu++14";
				CLANG_CXX_LIBRARY = "libc++";
				CLANG_ENABLE_MODULES = YES;
				CLANG_ENABLE_OBJC_ARC = YES;
				CLANG_ENABLE_OBJC_WEAK = YES;
				CLANG_WARN_BLOCK_CAPTURE_AUTORELEASING = YES;
				CLANG_WARN_BOOL_CONVERSION = YES;
				CLANG_WARN_COMMA = YES;
				CLANG_WARN_CONSTANT_CONVERSION = YES;
				CLANG_WARN_DEPRECATED_OBJC_IMPLEMENTATIONS = YES;
				CLANG_WARN_DIRECT_OBJC_ISA_USAGE = YES_ERROR;
				CLANG_WARN_DOCUMENTATION_COMMENTS = YES;
				CLANG_WARN_EMPTY_BODY = YES;
				CLANG_WARN_ENUM_CONVERSION = YES;
				CLANG_WARN_INFINITE_RECURSION = YES;
				CLANG_WARN_INT_CONVERSION = YES;
				CLANG_WARN_NON_LITERAL_NULL_CONVERSION = YES;
				CLANG_WARN_OBJC_IMPLICIT_RETAIN_SELF = YES;
				CLANG_WARN_OBJC_LITERAL_CONVERSION = YES;
				CLANG_WARN_OBJC_ROOT_CLASS = YES_ERROR;
				CLANG_WARN_RANGE_LOOP_ANALYSIS = YES;
				CLANG_WARN_STRICT_PROTOTYPES = YES;
				CLANG_WARN_SUSPICIOUS_MOVE = YES;
				CLANG_WARN_UNGUARDED_AVAILABILITY = YES_AGGRESSIVE;
				CLANG_WARN_UNREACHABLE_CODE = YES;
				CLANG_WARN__DUPLICATE_METHOD_MATCH = YES;
				COPY_PHASE_STRIP = NO;
				DEBUG_INFORMATION_FORMAT = dwarf;
				ENABLE_STRICT_OBJC_MSGSEND = YES;
				ENABLE_TESTABILITY = YES;
				GCC_C_LANGUAGE_STANDARD = gnu11;
				GCC_DYNAMIC_NO_PIC = NO;
				GCC_NO_COMMON_BLOCKS = YES;
				GCC_OPTIMIZATION_LEVEL = 0;
				GCC_PREPROCESSOR_DEFINITIONS = (
					"DEBUG=1",
					"$(inherited)",
				);
				GCC_WARN_64_TO_32_BIT_CONVERSION = YES;
				GCC_WARN_ABOUT_RETURN_TYPE = YES_ERROR;
				GCC_WARN_UNDECLARED_SELECTOR = YES;
				GCC_WARN_UNINITIALIZED_AUTOS = YES_AGGRESSIVE;
				GCC_WARN_UNUSED_FUNCTION = YES;
				GCC_WARN_UNUSED_VARIABLE = YES;
				IPHONEOS_DEPLOYMENT_TARGET = 13.7;
				MTL_ENABLE_DEBUG_INFO = INCLUDE_SOURCE;
				MTL_FAST_MATH = YES;
				ONLY_ACTIVE_ARCH = YES;
				SDKROOT = iphoneos;
				SWIFT_ACTIVE_COMPILATION_CONDITIONS = DEBUG;
				SWIFT_OPTIMIZATION_LEVEL = "-Onone";
			};
			name = Debug;
		};
		6A4A00342504F333007B744D /* Release */ = {
			isa = XCBuildConfiguration;
			buildSettings = {
				ALWAYS_SEARCH_USER_PATHS = NO;
				CLANG_ANALYZER_NONNULL = YES;
				CLANG_ANALYZER_NUMBER_OBJECT_CONVERSION = YES_AGGRESSIVE;
				CLANG_CXX_LANGUAGE_STANDARD = "gnu++14";
				CLANG_CXX_LIBRARY = "libc++";
				CLANG_ENABLE_MODULES = YES;
				CLANG_ENABLE_OBJC_ARC = YES;
				CLANG_ENABLE_OBJC_WEAK = YES;
				CLANG_WARN_BLOCK_CAPTURE_AUTORELEASING = YES;
				CLANG_WARN_BOOL_CONVERSION = YES;
				CLANG_WARN_COMMA = YES;
				CLANG_WARN_CONSTANT_CONVERSION = YES;
				CLANG_WARN_DEPRECATED_OBJC_IMPLEMENTATIONS = YES;
				CLANG_WARN_DIRECT_OBJC_ISA_USAGE = YES_ERROR;
				CLANG_WARN_DOCUMENTATION_COMMENTS = YES;
				CLANG_WARN_EMPTY_BODY = YES;
				CLANG_WARN_ENUM_CONVERSION = YES;
				CLANG_WARN_INFINITE_RECURSION = YES;
				CLANG_WARN_INT_CONVERSION = YES;
				CLANG_WARN_NON_LITERAL_NULL_CONVERSION = YES;
				CLANG_WARN_OBJC_IMPLICIT_RETAIN_SELF = YES;
				CLANG_WARN_OBJC_LITERAL_CONVERSION = YES;
				CLANG_WARN_OBJC_ROOT_CLASS = YES_ERROR;
				CLANG_WARN_RANGE_LOOP_ANALYSIS = YES;
				CLANG_WARN_STRICT_PROTOTYPES = YES;
				CLANG_WARN_SUSPICIOUS_MOVE = YES;
				CLANG_WARN_UNGUARDED_AVAILABILITY = YES_AGGRESSIVE;
				CLANG_WARN_UNREACHABLE_CODE = YES;
				CLANG_WARN__DUPLICATE_METHOD_MATCH = YES;
				COPY_PHASE_STRIP = NO;
				DEBUG_INFORMATION_FORMAT = "dwarf-with-dsym";
				ENABLE_NS_ASSERTIONS = NO;
				ENABLE_STRICT_OBJC_MSGSEND = YES;
				GCC_C_LANGUAGE_STANDARD = gnu11;
				GCC_NO_COMMON_BLOCKS = YES;
				GCC_WARN_64_TO_32_BIT_CONVERSION = YES;
				GCC_WARN_ABOUT_RETURN_TYPE = YES_ERROR;
				GCC_WARN_UNDECLARED_SELECTOR = YES;
				GCC_WARN_UNINITIALIZED_AUTOS = YES_AGGRESSIVE;
				GCC_WARN_UNUSED_FUNCTION = YES;
				GCC_WARN_UNUSED_VARIABLE = YES;
				IPHONEOS_DEPLOYMENT_TARGET = 13.7;
				MTL_ENABLE_DEBUG_INFO = NO;
				MTL_FAST_MATH = YES;
				SDKROOT = iphoneos;
				SWIFT_COMPILATION_MODE = wholemodule;
				SWIFT_OPTIMIZATION_LEVEL = "-O";
				VALIDATE_PRODUCT = YES;
			};
			name = Release;
		};
		6A4A00362504F333007B744D /* Debug */ = {
			isa = XCBuildConfiguration;
			buildSettings = {
				ASSETCATALOG_COMPILER_APPICON_NAME = AppIcon;
				CODE_SIGN_STYLE = Automatic;
				INFOPLIST_FILE = flixster/Info.plist;
				LD_RUNPATH_SEARCH_PATHS = (
					"$(inherited)",
					"@executable_path/Frameworks",
				);
				PRODUCT_BUNDLE_IDENTIFIER = com.garciadiegoteam.flixster;
				PRODUCT_NAME = "$(TARGET_NAME)";
				SWIFT_VERSION = 5.0;
				TARGETED_DEVICE_FAMILY = "1,2";
			};
			name = Debug;
		};
		6A4A00372504F333007B744D /* Release */ = {
			isa = XCBuildConfiguration;
			buildSettings = {
				ASSETCATALOG_COMPILER_APPICON_NAME = AppIcon;
				CODE_SIGN_STYLE = Automatic;
				INFOPLIST_FILE = flixster/Info.plist;
				LD_RUNPATH_SEARCH_PATHS = (
					"$(inherited)",
					"@executable_path/Frameworks",
				);
				PRODUCT_BUNDLE_IDENTIFIER = com.garciadiegoteam.flixster;
				PRODUCT_NAME = "$(TARGET_NAME)";
				SWIFT_VERSION = 5.0;
				TARGETED_DEVICE_FAMILY = "1,2";
			};
			name = Release;
		};
		6A4A00392504F333007B744D /* Debug */ = {
			isa = XCBuildConfiguration;
			buildSettings = {
				ALWAYS_EMBED_SWIFT_STANDARD_LIBRARIES = YES;
				BUNDLE_LOADER = "$(TEST_HOST)";
				CODE_SIGN_STYLE = Automatic;
				INFOPLIST_FILE = flixsterTests/Info.plist;
				IPHONEOS_DEPLOYMENT_TARGET = 13.7;
				LD_RUNPATH_SEARCH_PATHS = (
					"$(inherited)",
					"@executable_path/Frameworks",
					"@loader_path/Frameworks",
				);
				PRODUCT_BUNDLE_IDENTIFIER = com.garciadiegoteam.flixsterTests;
				PRODUCT_NAME = "$(TARGET_NAME)";
				SWIFT_VERSION = 5.0;
				TARGETED_DEVICE_FAMILY = "1,2";
				TEST_HOST = "$(BUILT_PRODUCTS_DIR)/flixster.app/flixster";
			};
			name = Debug;
		};
		6A4A003A2504F333007B744D /* Release */ = {
			isa = XCBuildConfiguration;
			buildSettings = {
				ALWAYS_EMBED_SWIFT_STANDARD_LIBRARIES = YES;
				BUNDLE_LOADER = "$(TEST_HOST)";
				CODE_SIGN_STYLE = Automatic;
				INFOPLIST_FILE = flixsterTests/Info.plist;
				IPHONEOS_DEPLOYMENT_TARGET = 13.7;
				LD_RUNPATH_SEARCH_PATHS = (
					"$(inherited)",
					"@executable_path/Frameworks",
					"@loader_path/Frameworks",
				);
				PRODUCT_BUNDLE_IDENTIFIER = com.garciadiegoteam.flixsterTests;
				PRODUCT_NAME = "$(TARGET_NAME)";
				SWIFT_VERSION = 5.0;
				TARGETED_DEVICE_FAMILY = "1,2";
				TEST_HOST = "$(BUILT_PRODUCTS_DIR)/flixster.app/flixster";
			};
			name = Release;
		};
		6A4A003C2504F333007B744D /* Debug */ = {
			isa = XCBuildConfiguration;
			buildSettings = {
				ALWAYS_EMBED_SWIFT_STANDARD_LIBRARIES = YES;
				CODE_SIGN_STYLE = Automatic;
				INFOPLIST_FILE = flixsterUITests/Info.plist;
				LD_RUNPATH_SEARCH_PATHS = (
					"$(inherited)",
					"@executable_path/Frameworks",
					"@loader_path/Frameworks",
				);
				PRODUCT_BUNDLE_IDENTIFIER = com.garciadiegoteam.flixsterUITests;
				PRODUCT_NAME = "$(TARGET_NAME)";
				SWIFT_VERSION = 5.0;
				TARGETED_DEVICE_FAMILY = "1,2";
				TEST_TARGET_NAME = flixster;
			};
			name = Debug;
		};
		6A4A003D2504F333007B744D /* Release */ = {
			isa = XCBuildConfiguration;
			buildSettings = {
				ALWAYS_EMBED_SWIFT_STANDARD_LIBRARIES = YES;
				CODE_SIGN_STYLE = Automatic;
				INFOPLIST_FILE = flixsterUITests/Info.plist;
				LD_RUNPATH_SEARCH_PATHS = (
					"$(inherited)",
					"@executable_path/Frameworks",
					"@loader_path/Frameworks",
				);
				PRODUCT_BUNDLE_IDENTIFIER = com.garciadiegoteam.flixsterUITests;
				PRODUCT_NAME = "$(TARGET_NAME)";
				SWIFT_VERSION = 5.0;
				TARGETED_DEVICE_FAMILY = "1,2";
				TEST_TARGET_NAME = flixster;
			};
			name = Release;
		};
/* End XCBuildConfiguration section */

/* Begin XCConfigurationList section */
		6A4A00062504F331007B744D /* Build configuration list for PBXProject "flixster" */ = {
			isa = XCConfigurationList;
			buildConfigurations = (
				6A4A00332504F333007B744D /* Debug */,
				6A4A00342504F333007B744D /* Release */,
			);
			defaultConfigurationIsVisible = 0;
			defaultConfigurationName = Release;
		};
		6A4A00352504F333007B744D /* Build configuration list for PBXNativeTarget "flixster" */ = {
			isa = XCConfigurationList;
			buildConfigurations = (
				6A4A00362504F333007B744D /* Debug */,
				6A4A00372504F333007B744D /* Release */,
			);
			defaultConfigurationIsVisible = 0;
			defaultConfigurationName = Release;
		};
		6A4A00382504F333007B744D /* Build configuration list for PBXNativeTarget "flixsterTests" */ = {
			isa = XCConfigurationList;
			buildConfigurations = (
				6A4A00392504F333007B744D /* Debug */,
				6A4A003A2504F333007B744D /* Release */,
			);
			defaultConfigurationIsVisible = 0;
			defaultConfigurationName = Release;
		};
		6A4A003B2504F333007B744D /* Build configuration list for PBXNativeTarget "flixsterUITests" */ = {
			isa = XCConfigurationList;
			buildConfigurations = (
				6A4A003C2504F333007B744D /* Debug */,
				6A4A003D2504F333007B744D /* Release */,
			);
			defaultConfigurationIsVisible = 0;
			defaultConfigurationName = Release;
		};
/* End XCConfigurationList section */
	};
	rootObject = 6A4A00032504F331007B744D /* Project object */;
}
